{
  "nodes": {
    "flake-schemas": {
      "locked": {
        "lastModified": 1773853635,
        "narHash": "sha256-4VHWij4EWNqy1iZr6OxNB6cuv5tDjMwAL/J1SBLFU2Q=",
        "rev": "19686d6f3da8d4db959523f32eb1b50de9f18301",
        "revCount": 130,
        "type": "tarball",
        "url": "https://api.flakehub.com/f/pinned/DeterminateSystems/flake-schemas/0.4.1/019d01eb-47d3-710f-aade-0515bfcdaa1f/source.tar.gz"
      },
      "original": {
        "type": "tarball",
        "url": "https://flakehub.com/f/DeterminateSystems/flake-schemas/%2A"
      }
    },
    "nixpkgs": {
      "locked": {
        "lastModified": 1773814637,
        "narHash": "sha256-GNU+ooRmrHLfjlMsKdn0prEKVa0faVanm0jrgu1J/gY=",
        "rev": "fea3b367d61c1a6592bc47c72f40a9f3e6a53e96",
        "revCount": 909593,
        "type": "tarball",
        "url": "https://api.flakehub.com/f/pinned/NixOS/nixpkgs/0.2511.909593%2Brev-fea3b367d61c1a6592bc47c72f40a9f3e6a53e96/019d0213-c6be-7375-97cd-d8fa200fb1ac/source.tar.gz"
      },
      "original": {
        "type": "tarball",
        "url": "https://flakehub.com/f/NixOS/nixpkgs/%2A"
      }
    },
    "root": {
      "inputs": {
        "flake-schemas": "flake-schemas",
        "nixpkgs": "nixpkgs"
      }
    }
  },
  "root": "root",
  "version": 7
}
